
Microsoft Visual Studio Solution File, Format Version 12.00
# Visual Studio Version 16
VisualStudioVersion = 16.0.30320.27
MinimumVisualStudioVersion = 10.0.40219.1
Project("{FAE04EC0-301F-11D3-BF4B-00C04F79EFBC}") = "Web Broswer 2020", "Web Broswer 2020.csproj", "{7354E0EB-957E-46D9-9B2F-05AC964C3597}"
EndProject
Global
	GlobalSection(SolutionConfigurationPlatforms) = preSolution
		Debug|Any CPU = Debug|Any CPU
		Release|Any CPU = Release|Any CPU
	EndGlobalSection
	GlobalSection(ProjectConfigurationPlatforms) = postSolution
		{7354E0EB-957E-46D9-9B2F-05AC964C3597}.Debug|Any CPU.ActiveCfg = Debug|Any CPU
		{7354E0EB-957E-46D9-9B2F-05AC964C3597}.Debug|Any CPU.Build.0 = Debug|Any CPU
		{7354E0EB-957E-46D9-9B2F-05AC964C3597}.Release|Any CPU.ActiveCfg = Release|Any CPU
		{7354E0EB-957E-46D9-9B2F-05AC964C3597}.Release|Any CPU.Build.0 = Release|Any CPU
	EndGlobalSection
	GlobalSection(SolutionProperties) = preSolution
		HideSolutionNode = FALSE
	EndGlobalSection
	GlobalSection(ExtensibilityGlobals) = postSolution
		SolutionGuid = {09076B2E-D614-4739-B630-16F1797DC2ED}
	EndGlobalSection
EndGlobal
